{
  "version": 1,
  "dependencies": {
    "net10.0": {
      "Microsoft.AspNetCore.Http.Abstractions": {
        "type": "Direct",
        "requested": "[2.3.0, )",
        "resolved": "2.3.0",
        "contentHash": "39r9PPrjA6s0blyFv5qarckjNkaHRA5B+3b53ybuGGNTXEj1/DStQJ4NWjFL6QTRQpL9zt7nDyKxZdJOlcnq+Q==",
        "dependencies": {
          "Microsoft.AspNetCore.Http.Features": "2.3.0"
        }
      },
      "Microsoft.CodeAnalysis.NetAnalyzers": {
        "type": "Direct",
        "requested": "[10.0.100, )",
        "resolved": "10.0.100",
        "contentHash": "uj9VuyvqylnNueJfU7u2PkI/hEMpZl8Wg9BXyI0eatNEldU5jDYPdwsM8aDL18+1oLovju25MiqOPaGRBnG72A=="
      },
      "Microsoft.AspNetCore.Http.Features": {
        "type": "Transitive",
        "resolved": "2.3.0",
        "contentHash": "f10WUgcsKqrkmnz6gt8HeZ7kyKjYN30PO7cSic1lPtH7paPtnQqXPOveul/SIPI43PhRD4trttg4ywnrEmmJpA==",
        "dependencies": {
          "Microsoft.Extensions.Primitives": "8.0.0"
        }
      },
      "Microsoft.Extensions.Primitives": {
        "type": "Transitive",
        "resolved": "8.0.0",
        "contentHash": "bXJEZrW9ny8vjMF1JV253WeLhpEVzFo1lyaZu1vQ4ZxWUlVvknZ/+ftFgVheLubb4eZPSwwxBeqS1JkCOjxd8g=="
      }
    }
  }
}