{
  "version": 1,
  "dependencies": {
    "net8.0": {
      "Microsoft.CodeAnalysis.NetAnalyzers": {
        "type": "Direct",
        "requested": "[8.0.0, )",
        "resolved": "8.0.0",
        "contentHash": "DxiTgkCl3CGq1rYmBX2wjY7XGbxiBdL4J+/AJIAFLKy5z70NxhnVRnPghnicXZ8oF6JKVXlW3xwznRbI3ioEKg=="
      },
      "Microsoft.DotNet.ILCompiler": {
        "type": "Direct",
        "requested": "[8.0.22, )",
        "resolved": "8.0.22",
        "contentHash": "4SDEQzYp3d9yVu0iQRFMV4HJCTjDvCt2AclSxMGXZSva5VrdoatwDg5nQVSD42ZuzBY5Y+BzgaexNbwb0/3gHw=="
      },
      "Microsoft.NET.ILLink.Tasks": {
        "type": "Direct",
        "requested": "[8.0.22, )",
        "resolved": "8.0.22",
        "contentHash": "MhcMithKEiyyNkD2ZfbDZPmcOdi0GheGfg8saEIIEfD/fol3iHmcV8TsZkD4ZYz5gdUuoX4YtlVySUU7Sxl9SQ=="
      }
    }
  }
}